
Microsoft Visual Studio Solution File, Format Version 12.00
# Visual Studio Version 17
VisualStudioVersion = 17.6.33815.320
MinimumVisualStudioVersion = 10.0.40219.1
Project("{FAE04EC0-301F-11D3-BF4B-00C04F79EFBC}") = "YandexCloud.INIT", "YandexCloud.INIT\YandexCloud.INIT.csproj", "{3864F19A-43FD-4CC2-9076-948C39FFC888}"
EndProject
Project("{FAE04EC0-301F-11D3-BF4B-00C04F79EFBC}") = "YandexCloud.CORE", "YandexCloud.CORE\YandexCloud.CORE.csproj", "{28BFAF5A-6A7B-40BB-8A90-39CB2BC64D86}"
EndProject
Project("{FAE04EC0-301F-11D3-BF4B-00C04F79EFBC}") = "YandexCloud.BD", "YandexCloud.BD\YandexCloud.BD.csproj", "{18598A4C-BF8D-4324-BB62-3CD9F6FC64E3}"
EndProject
Global
	GlobalSection(SolutionConfigurationPlatforms) = preSolution
		Debug|Any CPU = Debug|Any CPU
		Release|Any CPU = Release|Any CPU
	EndGlobalSection
	GlobalSection(ProjectConfigurationPlatforms) = postSolution
		{3864F19A-43FD-4CC2-9076-948C39FFC888}.Debug|Any CPU.ActiveCfg = Debug|Any CPU
		{3864F19A-43FD-4CC2-9076-948C39FFC888}.Debug|Any CPU.Build.0 = Debug|Any CPU
		{3864F19A-43FD-4CC2-9076-948C39FFC888}.Release|Any CPU.ActiveCfg = Release|Any CPU
		{3864F19A-43FD-4CC2-9076-948C39FFC888}.Release|Any CPU.Build.0 = Release|Any CPU
		{28BFAF5A-6A7B-40BB-8A90-39CB2BC64D86}.Debug|Any CPU.ActiveCfg = Debug|Any CPU
		{28BFAF5A-6A7B-40BB-8A90-39CB2BC64D86}.Debug|Any CPU.Build.0 = Debug|Any CPU
		{28BFAF5A-6A7B-40BB-8A90-39CB2BC64D86}.Release|Any CPU.ActiveCfg = Release|Any CPU
		{28BFAF5A-6A7B-40BB-8A90-39CB2BC64D86}.Release|Any CPU.Build.0 = Release|Any CPU
		{18598A4C-BF8D-4324-BB62-3CD9F6FC64E3}.Debug|Any CPU.ActiveCfg = Debug|Any CPU
		{18598A4C-BF8D-4324-BB62-3CD9F6FC64E3}.Debug|Any CPU.Build.0 = Debug|Any CPU
		{18598A4C-BF8D-4324-BB62-3CD9F6FC64E3}.Release|Any CPU.ActiveCfg = Release|Any CPU
		{18598A4C-BF8D-4324-BB62-3CD9F6FC64E3}.Release|Any CPU.Build.0 = Release|Any CPU
	EndGlobalSection
	GlobalSection(SolutionProperties) = preSolution
		HideSolutionNode = FALSE
	EndGlobalSection
	GlobalSection(ExtensibilityGlobals) = postSolution
		SolutionGuid = {B2CFA369-229C-4F1F-B1EF-47DBD786EF2A}
	EndGlobalSection
EndGlobal
